
Microsoft Visual Studio Solution File, Format Version 12.00
# Visual Studio Version 17
VisualStudioVersion = 17.0.31912.275
MinimumVisualStudioVersion = 10.0.40219.1
Project("{9A19103F-16F7-4668-BE54-9A1E7A4F7556}") = "SetUp Remon Application", "SetUp Remon Application\SetUp Remon Application.csproj", "{EC64A9E2-4443-4508-8EE3-41C21D79DEB1}"
EndProject
Global
	GlobalSection(SolutionConfigurationPlatforms) = preSolution
		Debug|Any CPU = Debug|Any CPU
		Release|Any CPU = Release|Any CPU
	EndGlobalSection
	GlobalSection(ProjectConfigurationPlatforms) = postSolution
		{EC64A9E2-4443-4508-8EE3-41C21D79DEB1}.Debug|Any CPU.ActiveCfg = Debug|Any CPU
		{EC64A9E2-4443-4508-8EE3-41C21D79DEB1}.Debug|Any CPU.Build.0 = Debug|Any CPU
		{EC64A9E2-4443-4508-8EE3-41C21D79DEB1}.Release|Any CPU.ActiveCfg = Release|Any CPU
		{EC64A9E2-4443-4508-8EE3-41C21D79DEB1}.Release|Any CPU.Build.0 = Release|Any CPU
	EndGlobalSection
	GlobalSection(SolutionProperties) = preSolution
		HideSolutionNode = FALSE
	EndGlobalSection
	GlobalSection(ExtensibilityGlobals) = postSolution
		SolutionGuid = {872C131D-A1DA-46E1-BB49-CA8DF08E0C47}
	EndGlobalSection
EndGlobal
